// !$*UTF8*$!
{
	archiveVersion = 1;
	classes = {
	};
	objectVersion = 56;
	objects = {

/* Begin PBXBuildFile section */
		1647E8CA299C184700B9248E /* dineApp.swift in Sources */ = {isa = PBXBuildFile; fileRef = 1647E8C9299C184700B9248E /* dineApp.swift */; };
		1647E8CC299C184700B9248E /* ContentView.swift in Sources */ = {isa = PBXBuildFile; fileRef = 1647E8CB299C184700B9248E /* ContentView.swift */; };
		1647E8CE299C184900B9248E /* Assets.xcassets in Resources */ = {isa = PBXBuildFile; fileRef = 1647E8CD299C184900B9248E /* Assets.xcassets */; };
		1647E8D1299C184900B9248E /* Preview Assets.xcassets in Resources */ = {isa = PBXBuildFile; fileRef = 1647E8D0299C184900B9248E /* Preview Assets.xcassets */; };
		1647E8D8299C18FF00B9248E /* Helper.swift in Sources */ = {isa = PBXBuildFile; fileRef = 1647E8D7299C18FF00B9248E /* Helper.swift */; };
		1647E8DA299C193E00B9248E /* Menu.swift in Sources */ = {isa = PBXBuildFile; fileRef = 1647E8D9299C193E00B9248E /* Menu.swift */; };
		1647E8DC299C194900B9248E /* Order.swift in Sources */ = {isa = PBXBuildFile; fileRef = 1647E8DB299C194900B9248E /* Order.swift */; };
		1647E8DE299C20B400B9248E /* menu.json in Resources */ = {isa = PBXBuildFile; fileRef = 1647E8DD299C196B00B9248E /* menu.json */; };
		1647E8E0299C2F3400B9248E /* ItemRow.swift in Sources */ = {isa = PBXBuildFile; fileRef = 1647E8DF299C2F3400B9248E /* ItemRow.swift */; };
		1647E8E2299C35B500B9248E /* ItemDetail.swift in Sources */ = {isa = PBXBuildFile; fileRef = 1647E8E1299C35B500B9248E /* ItemDetail.swift */; };
		1647E8E6299CB77800B9248E /* OrderView.swift in Sources */ = {isa = PBXBuildFile; fileRef = 1647E8E5299CB77800B9248E /* OrderView.swift */; };
		1647E8E8299CBFA100B9248E /* MainView.swift in Sources */ = {isa = PBXBuildFile; fileRef = 1647E8E7299CBFA100B9248E /* MainView.swift */; };
		1647E8EC299CF1C700B9248E /* CheckoutView.swift in Sources */ = {isa = PBXBuildFile; fileRef = 1647E8EB299CF1C600B9248E /* CheckoutView.swift */; };
/* End PBXBuildFile section */

/* Begin PBXFileReference section */
		1647E8C6299C184700B9248E /* dine.app */ = {isa = PBXFileReference; explicitFileType = wrapper.application; includeInIndex = 0; path = dine.app; sourceTree = BUILT_PRODUCTS_DIR; };
		1647E8C9299C184700B9248E /* dineApp.swift */ = {isa = PBXFileReference; lastKnownFileType = sourcecode.swift; path = dineApp.swift; sourceTree = "<group>"; };
		1647E8CB299C184700B9248E /* ContentView.swift */ = {isa = PBXFileReference; lastKnownFileType = sourcecode.swift; path = ContentView.swift; sourceTree = "<group>"; };
		1647E8CD299C184900B9248E /* Assets.xcassets */ = {isa = PBXFileReference; lastKnownFileType = folder.assetcatalog; path = Assets.xcassets; sourceTree = "<group>"; };
		1647E8D0299C184900B9248E /* Preview Assets.xcassets */ = {isa = PBXFileReference; lastKnownFileType = folder.assetcatalog; path = "Preview Assets.xcassets"; sourceTree = "<group>"; };
		1647E8D7299C18FF00B9248E /* Helper.swift */ = {isa = PBXFileReference; lastKnownFileType = sourcecode.swift; path = Helper.swift; sourceTree = "<group>"; };
		1647E8D9299C193E00B9248E /* Menu.swift */ = {isa = PBXFileReference; lastKnownFileType = sourcecode.swift; path = Menu.swift; sourceTree = "<group>"; };
		1647E8DB299C194900B9248E /* Order.swift */ = {isa = PBXFileReference; lastKnownFileType = sourcecode.swift; path = Order.swift; sourceTree = "<group>"; };
		1647E8DD299C196B00B9248E /* menu.json */ = {isa = PBXFileReference; lastKnownFileType = text.json; path = menu.json; sourceTree = "<group>"; };
		1647E8DF299C2F3400B9248E /* ItemRow.swift */ = {isa = PBXFileReference; lastKnownFileType = sourcecode.swift; path = ItemRow.swift; sourceTree = "<group>"; };
		1647E8E1299C35B500B9248E /* ItemDetail.swift */ = {isa = PBXFileReference; lastKnownFileType = sourcecode.swift; path = ItemDetail.swift; sourceTree = "<group>"; };
		1647E8E5299CB77800B9248E /* OrderView.swift */ = {isa = PBXFileReference; lastKnownFileType = sourcecode.swift; path = OrderView.swift; sourceTree = "<group>"; };
		1647E8E7299CBFA100B9248E /* MainView.swift */ = {isa = PBXFileReference; lastKnownFileType = sourcecode.swift; path = MainView.swift; sourceTree = "<group>"; };
		1647E8EB299CF1C600B9248E /* CheckoutView.swift */ = {isa = PBXFileReference; lastKnownFileType = sourcecode.swift; path = CheckoutView.swift; sourceTree = "<group>"; };
/* End PBXFileReference section */

/* Begin PBXFrameworksBuildPhase section */
		1647E8C3299C184700B9248E /* Frameworks */ = {
			isa = PBXFrameworksBuildPhase;
			buildActionMask = 2147483647;
			files = (
			);
			runOnlyForDeploymentPostprocessing = 0;
		};
/* End PBXFrameworksBuildPhase section */

/* Begin PBXGroup section */
		1647E8BD299C184700B9248E = {
			isa = PBXGroup;
			children = (
				1647E8C8299C184700B9248E /* dine */,
				1647E8C7299C184700B9248E /* Products */,
			);
			sourceTree = "<group>";
		};
		1647E8C7299C184700B9248E /* Products */ = {
			isa = PBXGroup;
			children = (
				1647E8C6299C184700B9248E /* dine.app */,
			);
			name = Products;
			sourceTree = "<group>";
		};
		1647E8C8299C184700B9248E /* dine */ = {
			isa = PBXGroup;
			children = (
				1647E8C9299C184700B9248E /* dineApp.swift */,
				1647E8CB299C184700B9248E /* ContentView.swift */,
				1647E8E1299C35B500B9248E /* ItemDetail.swift */,
				1647E8E7299CBFA100B9248E /* MainView.swift */,
				1647E8EB299CF1C600B9248E /* CheckoutView.swift */,
				1647E8E5299CB77800B9248E /* OrderView.swift */,
				1647E8DF299C2F3400B9248E /* ItemRow.swift */,
				1647E8D7299C18FF00B9248E /* Helper.swift */,
				1647E8D9299C193E00B9248E /* Menu.swift */,
				1647E8DB299C194900B9248E /* Order.swift */,
				1647E8DD299C196B00B9248E /* menu.json */,
				1647E8CD299C184900B9248E /* Assets.xcassets */,
				1647E8CF299C184900B9248E /* Preview Content */,
			);
			path = dine;
			sourceTree = "<group>";
		};
		1647E8CF299C184900B9248E /* Preview Content */ = {
			isa = PBXGroup;
			children = (
				1647E8D0299C184900B9248E /* Preview Assets.xcassets */,
			);
			path = "Preview Content";
			sourceTree = "<group>";
		};
/* End PBXGroup section */

/* Begin PBXNativeTarget section */
		1647E8C5299C184700B9248E /* dine */ = {
			isa = PBXNativeTarget;
			buildConfigurationList = 1647E8D4299C184900B9248E /* Build configuration list for PBXNativeTarget "dine" */;
			buildPhases = (
				1647E8C2299C184700B9248E /* Sources */,
				1647E8C3299C184700B9248E /* Frameworks */,
				1647E8C4299C184700B9248E /* Resources */,
			);
			buildRules = (
			);
			dependencies = (
			);
			name = dine;
			productName = dine;
			productReference = 1647E8C6299C184700B9248E /* dine.app */;
			productType = "com.apple.product-type.application";
		};
/* End PBXNativeTarget section */

/* Begin PBXProject section */
		1647E8BE299C184700B9248E /* Project object */ = {
			isa = PBXProject;
			attributes = {
				BuildIndependentTargetsInParallel = 1;
				LastSwiftUpdateCheck = 1420;
				LastUpgradeCheck = 1420;
				TargetAttributes = {
					1647E8C5299C184700B9248E = {
						CreatedOnToolsVersion = 14.2;
					};
				};
			};
			buildConfigurationList = 1647E8C1299C184700B9248E /* Build configuration list for PBXProject "dine" */;
			compatibilityVersion = "Xcode 14.0";
			developmentRegion = en;
			hasScannedForEncodings = 0;
			knownRegions = (
				en,
				Base,
			);
			mainGroup = 1647E8BD299C184700B9248E;
			productRefGroup = 1647E8C7299C184700B9248E /* Products */;
			projectDirPath = "";
			projectRoot = "";
			targets = (
				1647E8C5299C184700B9248E /* dine */,
			);
		};
/* End PBXProject section */

/* Begin PBXResourcesBuildPhase section */
		1647E8C4299C184700B9248E /* Resources */ = {
			isa = PBXResourcesBuildPhase;
			buildActionMask = 2147483647;
			files = (
				1647E8DE299C20B400B9248E /* menu.json in Resources */,
				1647E8D1299C184900B9248E /* Preview Assets.xcassets in Resources */,
				1647E8CE299C184900B9248E /* Assets.xcassets in Resources */,
			);
			runOnlyForDeploymentPostprocessing = 0;
		};
/* End PBXResourcesBuildPhase section */

/* Begin PBXSourcesBuildPhase section */
		1647E8C2299C184700B9248E /* Sources */ = {
			isa = PBXSourcesBuildPhase;
			buildActionMask = 2147483647;
			files = (
				1647E8E2299C35B500B9248E /* ItemDetail.swift in Sources */,
				1647E8E8299CBFA100B9248E /* MainView.swift in Sources */,
				1647E8EC299CF1C700B9248E /* CheckoutView.swift in Sources */,
				1647E8E6299CB77800B9248E /* OrderView.swift in Sources */,
				1647E8CC299C184700B9248E /* ContentView.swift in Sources */,
				1647E8CA299C184700B9248E /* dineApp.swift in Sources */,
				1647E8DC299C194900B9248E /* Order.swift in Sources */,
				1647E8E0299C2F3400B9248E /* ItemRow.swift in Sources */,
				1647E8DA299C193E00B9248E /* Menu.swift in Sources */,
				1647E8D8299C18FF00B9248E /* Helper.swift in Sources */,
			);
			runOnlyForDeploymentPostprocessing = 0;
		};
/* End PBXSourcesBuildPhase section */

/* Begin XCBuildConfiguration section */
		1647E8D2299C184900B9248E /* Debug */ = {
			isa = XCBuildConfiguration;
			buildSettings = {
				ALWAYS_SEARCH_USER_PATHS = NO;
				CLANG_ANALYZER_NONNULL = YES;
				CLANG_ANALYZER_NUMBER_OBJECT_CONVERSION = YES_AGGRESSIVE;
				CLANG_CXX_LANGUAGE_STANDARD = "gnu++20";
				CLANG_ENABLE_MODULES = YES;
				CLANG_ENABLE_OBJC_ARC = YES;
				CLANG_ENABLE_OBJC_WEAK = YES;
				CLANG_WARN_BLOCK_CAPTURE_AUTORELEASING = YES;
				CLANG_WARN_BOOL_CONVERSION = YES;
				CLANG_WARN_COMMA = YES;
				CLANG_WARN_CONSTANT_CONVERSION = YES;
				CLANG_WARN_DEPRECATED_OBJC_IMPLEMENTATIONS = YES;
				CLANG_WARN_DIRECT_OBJC_ISA_USAGE = YES_ERROR;
				CLANG_WARN_DOCUMENTATION_COMMENTS = YES;
				CLANG_WARN_EMPTY_BODY = YES;
				CLANG_WARN_ENUM_CONVERSION = YES;
				CLANG_WARN_INFINITE_RECURSION = YES;
				CLANG_WARN_INT_CONVERSION = YES;
				CLANG_WARN_NON_LITERAL_NULL_CONVERSION = YES;
				CLANG_WARN_OBJC_IMPLICIT_RETAIN_SELF = YES;
				CLANG_WARN_OBJC_LITERAL_CONVERSION = YES;
				CLANG_WARN_OBJC_ROOT_CLASS = YES_ERROR;
				CLANG_WARN_QUOTED_INCLUDE_IN_FRAMEWORK_HEADER = YES;
				CLANG_WARN_RANGE_LOOP_ANALYSIS = YES;
				CLANG_WARN_STRICT_PROTOTYPES = YES;
				CLANG_WARN_SUSPICIOUS_MOVE = YES;
				CLANG_WARN_UNGUARDED_AVAILABILITY = YES_AGGRESSIVE;
				CLANG_WARN_UNREACHABLE_CODE = YES;
				CLANG_WARN__DUPLICATE_METHOD_MATCH = YES;
				COPY_PHASE_STRIP = NO;
				DEBUG_INFORMATION_FORMAT = dwarf;
				ENABLE_STRICT_OBJC_MSGSEND = YES;
				ENABLE_TESTABILITY = YES;
				GCC_C_LANGUAGE_STANDARD = gnu11;
				GCC_DYNAMIC_NO_PIC = NO;
				GCC_NO_COMMON_BLOCKS = YES;
				GCC_OPTIMIZATION_LEVEL = 0;
				GCC_PREPROCESSOR_DEFINITIONS = (
					"DEBUG=1",
					"$(inherited)",
				);
				GCC_WARN_64_TO_32_BIT_CONVERSION = YES;
				GCC_WARN_ABOUT_RETURN_TYPE = YES_ERROR;
				GCC_WARN_UNDECLARED_SELECTOR = YES;
				GCC_WARN_UNINITIALIZED_AUTOS = YES_AGGRESSIVE;
				GCC_WARN_UNUSED_FUNCTION = YES;
				GCC_WARN_UNUSED_VARIABLE = YES;
				IPHONEOS_DEPLOYMENT_TARGET = 16.2;
				MTL_ENABLE_DEBUG_INFO = INCLUDE_SOURCE;
				MTL_FAST_MATH = YES;
				ONLY_ACTIVE_ARCH = YES;
				SDKROOT = iphoneos;
				SWIFT_ACTIVE_COMPILATION_CONDITIONS = DEBUG;
				SWIFT_OPTIMIZATION_LEVEL = "-Onone";
			};
			name = Debug;
		};
		1647E8D3299C184900B9248E /* Release */ = {
			isa = XCBuildConfiguration;
			buildSettings = {
				ALWAYS_SEARCH_USER_PATHS = NO;
				CLANG_ANALYZER_NONNULL = YES;
				CLANG_ANALYZER_NUMBER_OBJECT_CONVERSION = YES_AGGRESSIVE;
				CLANG_CXX_LANGUAGE_STANDARD = "gnu++20";
				CLANG_ENABLE_MODULES = YES;
				CLANG_ENABLE_OBJC_ARC = YES;
				CLANG_ENABLE_OBJC_WEAK = YES;
				CLANG_WARN_BLOCK_CAPTURE_AUTORELEASING = YES;
				CLANG_WARN_BOOL_CONVERSION = YES;
				CLANG_WARN_COMMA = YES;
				CLANG_WARN_CONSTANT_CONVERSION = YES;
				CLANG_WARN_DEPRECATED_OBJC_IMPLEMENTATIONS = YES;
				CLANG_WARN_DIRECT_OBJC_ISA_USAGE = YES_ERROR;
				CLANG_WARN_DOCUMENTATION_COMMENTS = YES;
				CLANG_WARN_EMPTY_BODY = YES;
				CLANG_WARN_ENUM_CONVERSION = YES;
				CLANG_WARN_INFINITE_RECURSION = YES;
				CLANG_WARN_INT_CONVERSION = YES;
				CLANG_WARN_NON_LITERAL_NULL_CONVERSION = YES;
				CLANG_WARN_OBJC_IMPLICIT_RETAIN_SELF = YES;
				CLANG_WARN_OBJC_LITERAL_CONVERSION = YES;
				CLANG_WARN_OBJC_ROOT_CLASS = YES_ERROR;
				CLANG_WARN_QUOTED_INCLUDE_IN_FRAMEWORK_HEADER = YES;
				CLANG_WARN_RANGE_LOOP_ANALYSIS = YES;
				CLANG_WARN_STRICT_PROTOTYPES = YES;
				CLANG_WARN_SUSPICIOUS_MOVE = YES;
				CLANG_WARN_UNGUARDED_AVAILABILITY = YES_AGGRESSIVE;
				CLANG_WARN_UNREACHABLE_CODE = YES;
				CLANG_WARN__DUPLICATE_METHOD_MATCH = YES;
				COPY_PHASE_STRIP = NO;
				DEBUG_INFORMATION_FORMAT = "dwarf-with-dsym";
				ENABLE_NS_ASSERTIONS = NO;
				ENABLE_STRICT_OBJC_MSGSEND = YES;
				GCC_C_LANGUAGE_STANDARD = gnu11;
				GCC_NO_COMMON_BLOCKS = YES;
				GCC_WARN_64_TO_32_BIT_CONVERSION = YES;
				GCC_WARN_ABOUT_RETURN_TYPE = YES_ERROR;
				GCC_WARN_UNDECLARED_SELECTOR = YES;
				GCC_WARN_UNINITIALIZED_AUTOS = YES_AGGRESSIVE;
				GCC_WARN_UNUSED_FUNCTION = YES;
				GCC_WARN_UNUSED_VARIABLE = YES;
				IPHONEOS_DEPLOYMENT_TARGET = 16.2;
				MTL_ENABLE_DEBUG_INFO = NO;
				MTL_FAST_MATH = YES;
				SDKROOT = iphoneos;
				SWIFT_COMPILATION_MODE = wholemodule;
				SWIFT_OPTIMIZATION_LEVEL = "-O";
				VALIDATE_PRODUCT = YES;
			};
			name = Release;
		};
		1647E8D5299C184900B9248E /* Debug */ = {
			isa = XCBuildConfiguration;
			buildSettings = {
				ASSETCATALOG_COMPILER_APPICON_NAME = AppIcon;
				ASSETCATALOG_COMPILER_GLOBAL_ACCENT_COLOR_NAME = AccentColor;
				CODE_SIGN_STYLE = Automatic;
				CURRENT_PROJECT_VERSION = 1;
				DEVELOPMENT_ASSET_PATHS = "\"dine/Preview Content\"";
				DEVELOPMENT_TEAM = U76RBXVWTS;
				ENABLE_PREVIEWS = YES;
				GENERATE_INFOPLIST_FILE = YES;
				INFOPLIST_KEY_UIApplicationSceneManifest_Generation = YES;
				INFOPLIST_KEY_UIApplicationSupportsIndirectInputEvents = YES;
				INFOPLIST_KEY_UILaunchScreen_Generation = YES;
				INFOPLIST_KEY_UISupportedInterfaceOrientations_iPad = "UIInterfaceOrientationPortrait UIInterfaceOrientationPortraitUpsideDown UIInterfaceOrientationLandscapeLeft UIInterfaceOrientationLandscapeRight";
				INFOPLIST_KEY_UISupportedInterfaceOrientations_iPhone = "UIInterfaceOrientationPortrait UIInterfaceOrientationLandscapeLeft UIInterfaceOrientationLandscapeRight";
				LD_RUNPATH_SEARCH_PATHS = (
					"$(inherited)",
					"@executable_path/Frameworks",
				);
				MARKETING_VERSION = 1.0;
				PRODUCT_BUNDLE_IDENTIFIER = com.geekguns.dine;
				PRODUCT_NAME = "$(TARGET_NAME)";
				SWIFT_EMIT_LOC_STRINGS = YES;
				SWIFT_VERSION = 5.0;
				TARGETED_DEVICE_FAMILY = "1,2";
			};
			name = Debug;
		};
		1647E8D6299C184900B9248E /* Release */ = {
			isa = XCBuildConfiguration;
			buildSettings = {
				ASSETCATALOG_COMPILER_APPICON_NAME = AppIcon;
				ASSETCATALOG_COMPILER_GLOBAL_ACCENT_COLOR_NAME = AccentColor;
				CODE_SIGN_STYLE = Automatic;
				CURRENT_PROJECT_VERSION = 1;
				DEVELOPMENT_ASSET_PATHS = "\"dine/Preview Content\"";
				DEVELOPMENT_TEAM = U76RBXVWTS;
				ENABLE_PREVIEWS = YES;
				GENERATE_INFOPLIST_FILE = YES;
				INFOPLIST_KEY_UIApplicationSceneManifest_Generation = YES;
				INFOPLIST_KEY_UIApplicationSupportsIndirectInputEvents = YES;
				INFOPLIST_KEY_UILaunchScreen_Generation = YES;
				INFOPLIST_KEY_UISupportedInterfaceOrientations_iPad = "UIInterfaceOrientationPortrait UIInterfaceOrientationPortraitUpsideDown UIInterfaceOrientationLandscapeLeft UIInterfaceOrientationLandscapeRight";
				INFOPLIST_KEY_UISupportedInterfaceOrientations_iPhone = "UIInterfaceOrientationPortrait UIInterfaceOrientationLandscapeLeft UIInterfaceOrientationLandscapeRight";
				LD_RUNPATH_SEARCH_PATHS = (
					"$(inherited)",
					"@executable_path/Frameworks",
				);
				MARKETING_VERSION = 1.0;
				PRODUCT_BUNDLE_IDENTIFIER = com.geekguns.dine;
				PRODUCT_NAME = "$(TARGET_NAME)";
				SWIFT_EMIT_LOC_STRINGS = YES;
				SWIFT_VERSION = 5.0;
				TARGETED_DEVICE_FAMILY = "1,2";
			};
			name = Release;
		};
/* End XCBuildConfiguration section */

/* Begin XCConfigurationList section */
		1647E8C1299C184700B9248E /* Build configuration list for PBXProject "dine" */ = {
			isa = XCConfigurationList;
			buildConfigurations = (
				1647E8D2299C184900B9248E /* Debug */,
				1647E8D3299C184900B9248E /* Release */,
			);
			defaultConfigurationIsVisible = 0;
			defaultConfigurationName = Release;
		};
		1647E8D4299C184900B9248E /* Build configuration list for PBXNativeTarget "dine" */ = {
			isa = XCConfigurationList;
			buildConfigurations = (
				1647E8D5299C184900B9248E /* Debug */,
				1647E8D6299C184900B9248E /* Release */,
			);
			defaultConfigurationIsVisible = 0;
			defaultConfigurationName = Release;
		};
/* End XCConfigurationList section */
	};
	rootObject = 1647E8BE299C184700B9248E /* Project object */;
}
